// !$*UTF8*$!
{
	archiveVersion = 1;
	classes = {
	};
	objectVersion = 46;
	objects = {

/* Begin PBXBuildFile section */
		070A97A81E96097500E4A958 /* main.m in Sources */ = {isa = PBXBuildFile; fileRef = 070A97A71E96097500E4A958 /* main.m */; };
		070A97AB1E96097500E4A958 /* AppDelegate.m in Sources */ = {isa = PBXBuildFile; fileRef = 070A97AA1E96097500E4A958 /* AppDelegate.m */; };
		070A97AE1E96097500E4A958 /* ViewController.m in Sources */ = {isa = PBXBuildFile; fileRef = 070A97AD1E96097500E4A958 /* ViewController.m */; };
		070A97B11E96097500E4A958 /* Main.storyboard in Resources */ = {isa = PBXBuildFile; fileRef = 070A97AF1E96097500E4A958 /* Main.storyboard */; };
		070A97B31E96097500E4A958 /* Assets.xcassets in Resources */ = {isa = PBXBuildFile; fileRef = 070A97B21E96097500E4A958 /* Assets.xcassets */; };
		070A97B61E96097500E4A958 /* LaunchScreen.storyboard in Resources */ = {isa = PBXBuildFile; fileRef = 070A97B41E96097500E4A958 /* LaunchScreen.storyboard */; };
		070A97C11E96097500E4A958 /* blockTests.m in Sources */ = {isa = PBXBuildFile; fileRef = 070A97C01E96097500E4A958 /* blockTests.m */; };
		070A97CC1E96097500E4A958 /* blockUITests.m in Sources */ = {isa = PBXBuildFile; fileRef = 070A97CB1E96097500E4A958 /* blockUITests.m */; };
<<<<<<< HEAD
		070A97DE1E960F7500E4A958 /* SecondViewController.m in Sources */ = {isa = PBXBuildFile; fileRef = 070A97DD1E960F7500E4A958 /* SecondViewController.m */; };
=======
		070A97E11E9615CE00E4A958 /* secondViewController.m in Sources */ = {isa = PBXBuildFile; fileRef = 070A97E01E9615CE00E4A958 /* secondViewController.m */; };
>>>>>>> 554de7b3f01df806ada41f2aac6823a974519be5
/* End PBXBuildFile section */

/* Begin PBXContainerItemProxy section */
		070A97BD1E96097500E4A958 /* PBXContainerItemProxy */ = {
			isa = PBXContainerItemProxy;
			containerPortal = 070A979B1E96097500E4A958 /* Project object */;
			proxyType = 1;
			remoteGlobalIDString = 070A97A21E96097500E4A958;
			remoteInfo = block;
		};
		070A97C81E96097500E4A958 /* PBXContainerItemProxy */ = {
			isa = PBXContainerItemProxy;
			containerPortal = 070A979B1E96097500E4A958 /* Project object */;
			proxyType = 1;
			remoteGlobalIDString = 070A97A21E96097500E4A958;
			remoteInfo = block;
		};
/* End PBXContainerItemProxy section */

/* Begin PBXFileReference section */
		070A97A31E96097500E4A958 /* block.app */ = {isa = PBXFileReference; explicitFileType = wrapper.application; includeInIndex = 0; path = block.app; sourceTree = BUILT_PRODUCTS_DIR; };
		070A97A71E96097500E4A958 /* main.m */ = {isa = PBXFileReference; lastKnownFileType = sourcecode.c.objc; path = main.m; sourceTree = "<group>"; };
		070A97A91E96097500E4A958 /* AppDelegate.h */ = {isa = PBXFileReference; lastKnownFileType = sourcecode.c.h; path = AppDelegate.h; sourceTree = "<group>"; };
		070A97AA1E96097500E4A958 /* AppDelegate.m */ = {isa = PBXFileReference; lastKnownFileType = sourcecode.c.objc; path = AppDelegate.m; sourceTree = "<group>"; };
		070A97AC1E96097500E4A958 /* ViewController.h */ = {isa = PBXFileReference; lastKnownFileType = sourcecode.c.h; path = ViewController.h; sourceTree = "<group>"; };
		070A97AD1E96097500E4A958 /* ViewController.m */ = {isa = PBXFileReference; lastKnownFileType = sourcecode.c.objc; path = ViewController.m; sourceTree = "<group>"; };
		070A97B01E96097500E4A958 /* Base */ = {isa = PBXFileReference; lastKnownFileType = file.storyboard; name = Base; path = Base.lproj/Main.storyboard; sourceTree = "<group>"; };
		070A97B21E96097500E4A958 /* Assets.xcassets */ = {isa = PBXFileReference; lastKnownFileType = folder.assetcatalog; path = Assets.xcassets; sourceTree = "<group>"; };
		070A97B51E96097500E4A958 /* Base */ = {isa = PBXFileReference; lastKnownFileType = file.storyboard; name = Base; path = Base.lproj/LaunchScreen.storyboard; sourceTree = "<group>"; };
		070A97B71E96097500E4A958 /* Info.plist */ = {isa = PBXFileReference; lastKnownFileType = text.plist.xml; path = Info.plist; sourceTree = "<group>"; };
		070A97BC1E96097500E4A958 /* blockTests.xctest */ = {isa = PBXFileReference; explicitFileType = wrapper.cfbundle; includeInIndex = 0; path = blockTests.xctest; sourceTree = BUILT_PRODUCTS_DIR; };
		070A97C01E96097500E4A958 /* blockTests.m */ = {isa = PBXFileReference; lastKnownFileType = sourcecode.c.objc; path = blockTests.m; sourceTree = "<group>"; };
		070A97C21E96097500E4A958 /* Info.plist */ = {isa = PBXFileReference; lastKnownFileType = text.plist.xml; path = Info.plist; sourceTree = "<group>"; };
		070A97C71E96097500E4A958 /* blockUITests.xctest */ = {isa = PBXFileReference; explicitFileType = wrapper.cfbundle; includeInIndex = 0; path = blockUITests.xctest; sourceTree = BUILT_PRODUCTS_DIR; };
		070A97CB1E96097500E4A958 /* blockUITests.m */ = {isa = PBXFileReference; lastKnownFileType = sourcecode.c.objc; path = blockUITests.m; sourceTree = "<group>"; };
		070A97CD1E96097500E4A958 /* Info.plist */ = {isa = PBXFileReference; lastKnownFileType = text.plist.xml; path = Info.plist; sourceTree = "<group>"; };
<<<<<<< HEAD
		070A97DC1E960F7500E4A958 /* SecondViewController.h */ = {isa = PBXFileReference; fileEncoding = 4; lastKnownFileType = sourcecode.c.h; path = SecondViewController.h; sourceTree = "<group>"; };
		070A97DD1E960F7500E4A958 /* SecondViewController.m */ = {isa = PBXFileReference; fileEncoding = 4; lastKnownFileType = sourcecode.c.objc; path = SecondViewController.m; sourceTree = "<group>"; };
=======
		070A97DF1E9615CE00E4A958 /* secondViewController.h */ = {isa = PBXFileReference; fileEncoding = 4; lastKnownFileType = sourcecode.c.h; path = secondViewController.h; sourceTree = "<group>"; };
		070A97E01E9615CE00E4A958 /* secondViewController.m */ = {isa = PBXFileReference; fileEncoding = 4; lastKnownFileType = sourcecode.c.objc; path = secondViewController.m; sourceTree = "<group>"; };
>>>>>>> 554de7b3f01df806ada41f2aac6823a974519be5
/* End PBXFileReference section */

/* Begin PBXFrameworksBuildPhase section */
		070A97A01E96097500E4A958 /* Frameworks */ = {
			isa = PBXFrameworksBuildPhase;
			buildActionMask = 2147483647;
			files = (
			);
			runOnlyForDeploymentPostprocessing = 0;
		};
		070A97B91E96097500E4A958 /* Frameworks */ = {
			isa = PBXFrameworksBuildPhase;
			buildActionMask = 2147483647;
			files = (
			);
			runOnlyForDeploymentPostprocessing = 0;
		};
		070A97C41E96097500E4A958 /* Frameworks */ = {
			isa = PBXFrameworksBuildPhase;
			buildActionMask = 2147483647;
			files = (
			);
			runOnlyForDeploymentPostprocessing = 0;
		};
/* End PBXFrameworksBuildPhase section */

/* Begin PBXGroup section */
		070A979A1E96097500E4A958 = {
			isa = PBXGroup;
			children = (
				070A97A51E96097500E4A958 /* block */,
				070A97BF1E96097500E4A958 /* blockTests */,
				070A97CA1E96097500E4A958 /* blockUITests */,
				070A97A41E96097500E4A958 /* Products */,
			);
			sourceTree = "<group>";
		};
		070A97A41E96097500E4A958 /* Products */ = {
			isa = PBXGroup;
			children = (
				070A97A31E96097500E4A958 /* block.app */,
				070A97BC1E96097500E4A958 /* blockTests.xctest */,
				070A97C71E96097500E4A958 /* blockUITests.xctest */,
			);
			name = Products;
			sourceTree = "<group>";
		};
		070A97A51E96097500E4A958 /* block */ = {
			isa = PBXGroup;
			children = (
				070A97A91E96097500E4A958 /* AppDelegate.h */,
				070A97AA1E96097500E4A958 /* AppDelegate.m */,
				070A97AC1E96097500E4A958 /* ViewController.h */,
				070A97AD1E96097500E4A958 /* ViewController.m */,
<<<<<<< HEAD
				070A97DC1E960F7500E4A958 /* SecondViewController.h */,
				070A97DD1E960F7500E4A958 /* SecondViewController.m */,
=======
				070A97DF1E9615CE00E4A958 /* secondViewController.h */,
				070A97E01E9615CE00E4A958 /* secondViewController.m */,
>>>>>>> 554de7b3f01df806ada41f2aac6823a974519be5
				070A97AF1E96097500E4A958 /* Main.storyboard */,
				070A97B21E96097500E4A958 /* Assets.xcassets */,
				070A97B41E96097500E4A958 /* LaunchScreen.storyboard */,
				070A97B71E96097500E4A958 /* Info.plist */,
				070A97A61E96097500E4A958 /* Supporting Files */,
			);
			path = block;
			sourceTree = "<group>";
		};
		070A97A61E96097500E4A958 /* Supporting Files */ = {
			isa = PBXGroup;
			children = (
				070A97A71E96097500E4A958 /* main.m */,
			);
			name = "Supporting Files";
			sourceTree = "<group>";
		};
		070A97BF1E96097500E4A958 /* blockTests */ = {
			isa = PBXGroup;
			children = (
				070A97C01E96097500E4A958 /* blockTests.m */,
				070A97C21E96097500E4A958 /* Info.plist */,
			);
			path = blockTests;
			sourceTree = "<group>";
		};
		070A97CA1E96097500E4A958 /* blockUITests */ = {
			isa = PBXGroup;
			children = (
				070A97CB1E96097500E4A958 /* blockUITests.m */,
				070A97CD1E96097500E4A958 /* Info.plist */,
			);
			path = blockUITests;
			sourceTree = "<group>";
		};
/* End PBXGroup section */

/* Begin PBXNativeTarget section */
		070A97A21E96097500E4A958 /* block */ = {
			isa = PBXNativeTarget;
			buildConfigurationList = 070A97D01E96097500E4A958 /* Build configuration list for PBXNativeTarget "block" */;
			buildPhases = (
				070A979F1E96097500E4A958 /* Sources */,
				070A97A01E96097500E4A958 /* Frameworks */,
				070A97A11E96097500E4A958 /* Resources */,
			);
			buildRules = (
			);
			dependencies = (
			);
			name = block;
			productName = block;
			productReference = 070A97A31E96097500E4A958 /* block.app */;
			productType = "com.apple.product-type.application";
		};
		070A97BB1E96097500E4A958 /* blockTests */ = {
			isa = PBXNativeTarget;
			buildConfigurationList = 070A97D31E96097500E4A958 /* Build configuration list for PBXNativeTarget "blockTests" */;
			buildPhases = (
				070A97B81E96097500E4A958 /* Sources */,
				070A97B91E96097500E4A958 /* Frameworks */,
				070A97BA1E96097500E4A958 /* Resources */,
			);
			buildRules = (
			);
			dependencies = (
				070A97BE1E96097500E4A958 /* PBXTargetDependency */,
			);
			name = blockTests;
			productName = blockTests;
			productReference = 070A97BC1E96097500E4A958 /* blockTests.xctest */;
			productType = "com.apple.product-type.bundle.unit-test";
		};
		070A97C61E96097500E4A958 /* blockUITests */ = {
			isa = PBXNativeTarget;
			buildConfigurationList = 070A97D61E96097500E4A958 /* Build configuration list for PBXNativeTarget "blockUITests" */;
			buildPhases = (
				070A97C31E96097500E4A958 /* Sources */,
				070A97C41E96097500E4A958 /* Frameworks */,
				070A97C51E96097500E4A958 /* Resources */,
			);
			buildRules = (
			);
			dependencies = (
				070A97C91E96097500E4A958 /* PBXTargetDependency */,
			);
			name = blockUITests;
			productName = blockUITests;
			productReference = 070A97C71E96097500E4A958 /* blockUITests.xctest */;
			productType = "com.apple.product-type.bundle.ui-testing";
		};
/* End PBXNativeTarget section */

/* Begin PBXProject section */
		070A979B1E96097500E4A958 /* Project object */ = {
			isa = PBXProject;
			attributes = {
				LastUpgradeCheck = 0810;
				ORGANIZATIONNAME = songlin;
				TargetAttributes = {
					070A97A21E96097500E4A958 = {
						CreatedOnToolsVersion = 8.1;
						ProvisioningStyle = Automatic;
					};
					070A97BB1E96097500E4A958 = {
						CreatedOnToolsVersion = 8.1;
						ProvisioningStyle = Automatic;
						TestTargetID = 070A97A21E96097500E4A958;
					};
					070A97C61E96097500E4A958 = {
						CreatedOnToolsVersion = 8.1;
						ProvisioningStyle = Automatic;
						TestTargetID = 070A97A21E96097500E4A958;
					};
				};
			};
			buildConfigurationList = 070A979E1E96097500E4A958 /* Build configuration list for PBXProject "block" */;
			compatibilityVersion = "Xcode 3.2";
			developmentRegion = English;
			hasScannedForEncodings = 0;
			knownRegions = (
				en,
				Base,
			);
			mainGroup = 070A979A1E96097500E4A958;
			productRefGroup = 070A97A41E96097500E4A958 /* Products */;
			projectDirPath = "";
			projectRoot = "";
			targets = (
				070A97A21E96097500E4A958 /* block */,
				070A97BB1E96097500E4A958 /* blockTests */,
				070A97C61E96097500E4A958 /* blockUITests */,
			);
		};
/* End PBXProject section */

/* Begin PBXResourcesBuildPhase section */
		070A97A11E96097500E4A958 /* Resources */ = {
			isa = PBXResourcesBuildPhase;
			buildActionMask = 2147483647;
			files = (
				070A97B61E96097500E4A958 /* LaunchScreen.storyboard in Resources */,
				070A97B31E96097500E4A958 /* Assets.xcassets in Resources */,
				070A97B11E96097500E4A958 /* Main.storyboard in Resources */,
			);
			runOnlyForDeploymentPostprocessing = 0;
		};
		070A97BA1E96097500E4A958 /* Resources */ = {
			isa = PBXResourcesBuildPhase;
			buildActionMask = 2147483647;
			files = (
			);
			runOnlyForDeploymentPostprocessing = 0;
		};
		070A97C51E96097500E4A958 /* Resources */ = {
			isa = PBXResourcesBuildPhase;
			buildActionMask = 2147483647;
			files = (
			);
			runOnlyForDeploymentPostprocessing = 0;
		};
/* End PBXResourcesBuildPhase section */

/* Begin PBXSourcesBuildPhase section */
		070A979F1E96097500E4A958 /* Sources */ = {
			isa = PBXSourcesBuildPhase;
			buildActionMask = 2147483647;
			files = (
<<<<<<< HEAD
				070A97DE1E960F7500E4A958 /* SecondViewController.m in Sources */,
=======
				070A97E11E9615CE00E4A958 /* secondViewController.m in Sources */,
>>>>>>> 554de7b3f01df806ada41f2aac6823a974519be5
				070A97AE1E96097500E4A958 /* ViewController.m in Sources */,
				070A97AB1E96097500E4A958 /* AppDelegate.m in Sources */,
				070A97A81E96097500E4A958 /* main.m in Sources */,
			);
			runOnlyForDeploymentPostprocessing = 0;
		};
		070A97B81E96097500E4A958 /* Sources */ = {
			isa = PBXSourcesBuildPhase;
			buildActionMask = 2147483647;
			files = (
				070A97C11E96097500E4A958 /* blockTests.m in Sources */,
			);
			runOnlyForDeploymentPostprocessing = 0;
		};
		070A97C31E96097500E4A958 /* Sources */ = {
			isa = PBXSourcesBuildPhase;
			buildActionMask = 2147483647;
			files = (
				070A97CC1E96097500E4A958 /* blockUITests.m in Sources */,
			);
			runOnlyForDeploymentPostprocessing = 0;
		};
/* End PBXSourcesBuildPhase section */

/* Begin PBXTargetDependency section */
		070A97BE1E96097500E4A958 /* PBXTargetDependency */ = {
			isa = PBXTargetDependency;
			target = 070A97A21E96097500E4A958 /* block */;
			targetProxy = 070A97BD1E96097500E4A958 /* PBXContainerItemProxy */;
		};
		070A97C91E96097500E4A958 /* PBXTargetDependency */ = {
			isa = PBXTargetDependency;
			target = 070A97A21E96097500E4A958 /* block */;
			targetProxy = 070A97C81E96097500E4A958 /* PBXContainerItemProxy */;
		};
/* End PBXTargetDependency section */

/* Begin PBXVariantGroup section */
		070A97AF1E96097500E4A958 /* Main.storyboard */ = {
			isa = PBXVariantGroup;
			children = (
				070A97B01E96097500E4A958 /* Base */,
			);
			name = Main.storyboard;
			sourceTree = "<group>";
		};
		070A97B41E96097500E4A958 /* LaunchScreen.storyboard */ = {
			isa = PBXVariantGroup;
			children = (
				070A97B51E96097500E4A958 /* Base */,
			);
			name = LaunchScreen.storyboard;
			sourceTree = "<group>";
		};
/* End PBXVariantGroup section */

/* Begin XCBuildConfiguration section */
		070A97CE1E96097500E4A958 /* Debug */ = {
			isa = XCBuildConfiguration;
			buildSettings = {
				ALWAYS_SEARCH_USER_PATHS = NO;
				CLANG_ANALYZER_NONNULL = YES;
				CLANG_CXX_LANGUAGE_STANDARD = "gnu++0x";
				CLANG_CXX_LIBRARY = "libc++";
				CLANG_ENABLE_MODULES = YES;
				CLANG_ENABLE_OBJC_ARC = YES;
				CLANG_WARN_BOOL_CONVERSION = YES;
				CLANG_WARN_CONSTANT_CONVERSION = YES;
				CLANG_WARN_DIRECT_OBJC_ISA_USAGE = YES_ERROR;
				CLANG_WARN_DOCUMENTATION_COMMENTS = YES;
				CLANG_WARN_EMPTY_BODY = YES;
				CLANG_WARN_ENUM_CONVERSION = YES;
				CLANG_WARN_INFINITE_RECURSION = YES;
				CLANG_WARN_INT_CONVERSION = YES;
				CLANG_WARN_OBJC_ROOT_CLASS = YES_ERROR;
				CLANG_WARN_SUSPICIOUS_MOVES = YES;
				CLANG_WARN_UNREACHABLE_CODE = YES;
				CLANG_WARN__DUPLICATE_METHOD_MATCH = YES;
				"CODE_SIGN_IDENTITY[sdk=iphoneos*]" = "iPhone Developer";
				COPY_PHASE_STRIP = NO;
				DEBUG_INFORMATION_FORMAT = dwarf;
				ENABLE_STRICT_OBJC_MSGSEND = YES;
				ENABLE_TESTABILITY = YES;
				GCC_C_LANGUAGE_STANDARD = gnu99;
				GCC_DYNAMIC_NO_PIC = NO;
				GCC_NO_COMMON_BLOCKS = YES;
				GCC_OPTIMIZATION_LEVEL = 0;
				GCC_PREPROCESSOR_DEFINITIONS = (
					"DEBUG=1",
					"$(inherited)",
				);
				GCC_WARN_64_TO_32_BIT_CONVERSION = YES;
				GCC_WARN_ABOUT_RETURN_TYPE = YES_ERROR;
				GCC_WARN_UNDECLARED_SELECTOR = YES;
				GCC_WARN_UNINITIALIZED_AUTOS = YES_AGGRESSIVE;
				GCC_WARN_UNUSED_FUNCTION = YES;
				GCC_WARN_UNUSED_VARIABLE = YES;
				IPHONEOS_DEPLOYMENT_TARGET = 10.1;
				MTL_ENABLE_DEBUG_INFO = YES;
				ONLY_ACTIVE_ARCH = YES;
				SDKROOT = iphoneos;
				TARGETED_DEVICE_FAMILY = "1,2";
			};
			name = Debug;
		};
		070A97CF1E96097500E4A958 /* Release */ = {
			isa = XCBuildConfiguration;
			buildSettings = {
				ALWAYS_SEARCH_USER_PATHS = NO;
				CLANG_ANALYZER_NONNULL = YES;
				CLANG_CXX_LANGUAGE_STANDARD = "gnu++0x";
				CLANG_CXX_LIBRARY = "libc++";
				CLANG_ENABLE_MODULES = YES;
				CLANG_ENABLE_OBJC_ARC = YES;
				CLANG_WARN_BOOL_CONVERSION = YES;
				CLANG_WARN_CONSTANT_CONVERSION = YES;
				CLANG_WARN_DIRECT_OBJC_ISA_USAGE = YES_ERROR;
				CLANG_WARN_DOCUMENTATION_COMMENTS = YES;
				CLANG_WARN_EMPTY_BODY = YES;
				CLANG_WARN_ENUM_CONVERSION = YES;
				CLANG_WARN_INFINITE_RECURSION = YES;
				CLANG_WARN_INT_CONVERSION = YES;
				CLANG_WARN_OBJC_ROOT_CLASS = YES_ERROR;
				CLANG_WARN_SUSPICIOUS_MOVES = YES;
				CLANG_WARN_UNREACHABLE_CODE = YES;
				CLANG_WARN__DUPLICATE_METHOD_MATCH = YES;
				"CODE_SIGN_IDENTITY[sdk=iphoneos*]" = "iPhone Developer";
				COPY_PHASE_STRIP = NO;
				DEBUG_INFORMATION_FORMAT = "dwarf-with-dsym";
				ENABLE_NS_ASSERTIONS = NO;
				ENABLE_STRICT_OBJC_MSGSEND = YES;
				GCC_C_LANGUAGE_STANDARD = gnu99;
				GCC_NO_COMMON_BLOCKS = YES;
				GCC_WARN_64_TO_32_BIT_CONVERSION = YES;
				GCC_WARN_ABOUT_RETURN_TYPE = YES_ERROR;
				GCC_WARN_UNDECLARED_SELECTOR = YES;
				GCC_WARN_UNINITIALIZED_AUTOS = YES_AGGRESSIVE;
				GCC_WARN_UNUSED_FUNCTION = YES;
				GCC_WARN_UNUSED_VARIABLE = YES;
				IPHONEOS_DEPLOYMENT_TARGET = 10.1;
				MTL_ENABLE_DEBUG_INFO = NO;
				SDKROOT = iphoneos;
				TARGETED_DEVICE_FAMILY = "1,2";
				VALIDATE_PRODUCT = YES;
			};
			name = Release;
		};
		070A97D11E96097500E4A958 /* Debug */ = {
			isa = XCBuildConfiguration;
			buildSettings = {
				ASSETCATALOG_COMPILER_APPICON_NAME = AppIcon;
				INFOPLIST_FILE = block/Info.plist;
				LD_RUNPATH_SEARCH_PATHS = "$(inherited) @executable_path/Frameworks";
				PRODUCT_BUNDLE_IDENTIFIER = com.thume.block;
				PRODUCT_NAME = "$(TARGET_NAME)";
			};
			name = Debug;
		};
		070A97D21E96097500E4A958 /* Release */ = {
			isa = XCBuildConfiguration;
			buildSettings = {
				ASSETCATALOG_COMPILER_APPICON_NAME = AppIcon;
				INFOPLIST_FILE = block/Info.plist;
				LD_RUNPATH_SEARCH_PATHS = "$(inherited) @executable_path/Frameworks";
				PRODUCT_BUNDLE_IDENTIFIER = com.thume.block;
				PRODUCT_NAME = "$(TARGET_NAME)";
			};
			name = Release;
		};
		070A97D41E96097500E4A958 /* Debug */ = {
			isa = XCBuildConfiguration;
			buildSettings = {
				BUNDLE_LOADER = "$(TEST_HOST)";
				INFOPLIST_FILE = blockTests/Info.plist;
				LD_RUNPATH_SEARCH_PATHS = "$(inherited) @executable_path/Frameworks @loader_path/Frameworks";
				PRODUCT_BUNDLE_IDENTIFIER = com.thume.blockTests;
				PRODUCT_NAME = "$(TARGET_NAME)";
				TEST_HOST = "$(BUILT_PRODUCTS_DIR)/block.app/block";
			};
			name = Debug;
		};
		070A97D51E96097500E4A958 /* Release */ = {
			isa = XCBuildConfiguration;
			buildSettings = {
				BUNDLE_LOADER = "$(TEST_HOST)";
				INFOPLIST_FILE = blockTests/Info.plist;
				LD_RUNPATH_SEARCH_PATHS = "$(inherited) @executable_path/Frameworks @loader_path/Frameworks";
				PRODUCT_BUNDLE_IDENTIFIER = com.thume.blockTests;
				PRODUCT_NAME = "$(TARGET_NAME)";
				TEST_HOST = "$(BUILT_PRODUCTS_DIR)/block.app/block";
			};
			name = Release;
		};
		070A97D71E96097500E4A958 /* Debug */ = {
			isa = XCBuildConfiguration;
			buildSettings = {
				INFOPLIST_FILE = blockUITests/Info.plist;
				LD_RUNPATH_SEARCH_PATHS = "$(inherited) @executable_path/Frameworks @loader_path/Frameworks";
				PRODUCT_BUNDLE_IDENTIFIER = com.thume.blockUITests;
				PRODUCT_NAME = "$(TARGET_NAME)";
				TEST_TARGET_NAME = block;
			};
			name = Debug;
		};
		070A97D81E96097500E4A958 /* Release */ = {
			isa = XCBuildConfiguration;
			buildSettings = {
				INFOPLIST_FILE = blockUITests/Info.plist;
				LD_RUNPATH_SEARCH_PATHS = "$(inherited) @executable_path/Frameworks @loader_path/Frameworks";
				PRODUCT_BUNDLE_IDENTIFIER = com.thume.blockUITests;
				PRODUCT_NAME = "$(TARGET_NAME)";
				TEST_TARGET_NAME = block;
			};
			name = Release;
		};
/* End XCBuildConfiguration section */

/* Begin XCConfigurationList section */
		070A979E1E96097500E4A958 /* Build configuration list for PBXProject "block" */ = {
			isa = XCConfigurationList;
			buildConfigurations = (
				070A97CE1E96097500E4A958 /* Debug */,
				070A97CF1E96097500E4A958 /* Release */,
			);
			defaultConfigurationIsVisible = 0;
			defaultConfigurationName = Release;
		};
		070A97D01E96097500E4A958 /* Build configuration list for PBXNativeTarget "block" */ = {
			isa = XCConfigurationList;
			buildConfigurations = (
				070A97D11E96097500E4A958 /* Debug */,
				070A97D21E96097500E4A958 /* Release */,
			);
			defaultConfigurationIsVisible = 0;
			defaultConfigurationName = Release;
		};
		070A97D31E96097500E4A958 /* Build configuration list for PBXNativeTarget "blockTests" */ = {
			isa = XCConfigurationList;
			buildConfigurations = (
				070A97D41E96097500E4A958 /* Debug */,
				070A97D51E96097500E4A958 /* Release */,
			);
			defaultConfigurationIsVisible = 0;
			defaultConfigurationName = Release;
		};
		070A97D61E96097500E4A958 /* Build configuration list for PBXNativeTarget "blockUITests" */ = {
			isa = XCConfigurationList;
			buildConfigurations = (
				070A97D71E96097500E4A958 /* Debug */,
				070A97D81E96097500E4A958 /* Release */,
			);
			defaultConfigurationIsVisible = 0;
			defaultConfigurationName = Release;
		};
/* End XCConfigurationList section */
	};
	rootObject = 070A979B1E96097500E4A958 /* Project object */;
}
